
Microsoft Visual Studio Solution File, Format Version 12.00
# Visual Studio 15
VisualStudioVersion = 15.0.27703.2018
MinimumVisualStudioVersion = 10.0.40219.1
Project("{9A19103F-16F7-4668-BE54-9A1E7A4F7556}") = "TaskFlow", "src\TaskFlow.csproj", "{156E6455-4D12-4810-B865-14D890F49D34}"
EndProject
Project("{9A19103F-16F7-4668-BE54-9A1E7A4F7556}") = "BotHub", "BotHub\BotHub.csproj", "{96E0371B-AF71-4288-9646-1B9270D71FE9}"
EndProject
Project("{FAE04EC0-301F-11D3-BF4B-00C04F79EFBC}") = "Workflow", "Workflow\Workflow.csproj", "{185B964E-CB1D-41CA-ADE2-DFAFEBC35F7E}"
EndProject
Global
	GlobalSection(SolutionConfigurationPlatforms) = preSolution
		Debug|Any CPU = Debug|Any CPU
		Release|Any CPU = Release|Any CPU
	EndGlobalSection
	GlobalSection(ProjectConfigurationPlatforms) = postSolution
		{156E6455-4D12-4810-B865-14D890F49D34}.Debug|Any CPU.ActiveCfg = Debug|Any CPU
		{156E6455-4D12-4810-B865-14D890F49D34}.Debug|Any CPU.Build.0 = Debug|Any CPU
		{156E6455-4D12-4810-B865-14D890F49D34}.Release|Any CPU.ActiveCfg = Release|Any CPU
		{156E6455-4D12-4810-B865-14D890F49D34}.Release|Any CPU.Build.0 = Release|Any CPU
		{96E0371B-AF71-4288-9646-1B9270D71FE9}.Debug|Any CPU.ActiveCfg = Debug|Any CPU
		{96E0371B-AF71-4288-9646-1B9270D71FE9}.Debug|Any CPU.Build.0 = Debug|Any CPU
		{96E0371B-AF71-4288-9646-1B9270D71FE9}.Release|Any CPU.ActiveCfg = Release|Any CPU
		{96E0371B-AF71-4288-9646-1B9270D71FE9}.Release|Any CPU.Build.0 = Release|Any CPU
		{185B964E-CB1D-41CA-ADE2-DFAFEBC35F7E}.Debug|Any CPU.ActiveCfg = Debug|Any CPU
		{185B964E-CB1D-41CA-ADE2-DFAFEBC35F7E}.Debug|Any CPU.Build.0 = Debug|Any CPU
		{185B964E-CB1D-41CA-ADE2-DFAFEBC35F7E}.Release|Any CPU.ActiveCfg = Release|Any CPU
		{185B964E-CB1D-41CA-ADE2-DFAFEBC35F7E}.Release|Any CPU.Build.0 = Release|Any CPU
	EndGlobalSection
	GlobalSection(SolutionProperties) = preSolution
		HideSolutionNode = FALSE
	EndGlobalSection
	GlobalSection(ExtensibilityGlobals) = postSolution
		SolutionGuid = {8FF6B924-290E-4228-BD1A-DF154A07D3DA}
	EndGlobalSection
EndGlobal
